
Microsoft Visual Studio Solution File, Format Version 12.00
# Visual Studio Version 17
VisualStudioVersion = 17.9.34902.65
MinimumVisualStudioVersion = 10.0.40219.1
Project("{9A19103F-16F7-4668-BE54-9A1E7A4F7556}") = "GrimReaper", "GrimReaper\GrimReaper.csproj", "{ACFF3756-C342-4688-9A1E-6A0548A15F50}"
EndProject
Project("{FAE04EC0-301F-11D3-BF4B-00C04F79EFBC}") = "FreshTokenScanner", "FreshTokenScanner\FreshTokenScanner.csproj", "{D3EB1638-40DD-4938-8600-DD4977BFA421}"
EndProject
Project("{FAE04EC0-301F-11D3-BF4B-00C04F79EFBC}") = "TelegramBot", "TelegramBot\TelegramBot.csproj", "{61665677-FF22-4DC7-B6AD-2FA3A4451485}"
EndProject
Global
	GlobalSection(SolutionConfigurationPlatforms) = preSolution
		Debug|Any CPU = Debug|Any CPU
		Release|Any CPU = Release|Any CPU
	EndGlobalSection
	GlobalSection(ProjectConfigurationPlatforms) = postSolution
		{ACFF3756-C342-4688-9A1E-6A0548A15F50}.Debug|Any CPU.ActiveCfg = Debug|Any CPU
		{ACFF3756-C342-4688-9A1E-6A0548A15F50}.Debug|Any CPU.Build.0 = Debug|Any CPU
		{ACFF3756-C342-4688-9A1E-6A0548A15F50}.Release|Any CPU.ActiveCfg = Release|Any CPU
		{ACFF3756-C342-4688-9A1E-6A0548A15F50}.Release|Any CPU.Build.0 = Release|Any CPU
		{D3EB1638-40DD-4938-8600-DD4977BFA421}.Debug|Any CPU.ActiveCfg = Debug|Any CPU
		{D3EB1638-40DD-4938-8600-DD4977BFA421}.Debug|Any CPU.Build.0 = Debug|Any CPU
		{D3EB1638-40DD-4938-8600-DD4977BFA421}.Release|Any CPU.ActiveCfg = Release|Any CPU
		{D3EB1638-40DD-4938-8600-DD4977BFA421}.Release|Any CPU.Build.0 = Release|Any CPU
		{61665677-FF22-4DC7-B6AD-2FA3A4451485}.Debug|Any CPU.ActiveCfg = Debug|Any CPU
		{61665677-FF22-4DC7-B6AD-2FA3A4451485}.Debug|Any CPU.Build.0 = Debug|Any CPU
		{61665677-FF22-4DC7-B6AD-2FA3A4451485}.Release|Any CPU.ActiveCfg = Release|Any CPU
		{61665677-FF22-4DC7-B6AD-2FA3A4451485}.Release|Any CPU.Build.0 = Release|Any CPU
	EndGlobalSection
	GlobalSection(SolutionProperties) = preSolution
		HideSolutionNode = FALSE
	EndGlobalSection
	GlobalSection(ExtensibilityGlobals) = postSolution
		SolutionGuid = {C96D021B-D719-4D5D-9DB3-D285F9D397FF}
	EndGlobalSection
EndGlobal
